{
  "name": "@thj-cli-dev/package",
  "version": "1.0.0",
  "lockfileVersion": 2,
  "requires": true,
  "packages": {
    "": {
      "name": "@thj-cli-dev/package",
      "version": "1.0.0",
      "license": "ISC",
      "dependencies": {
        "@thj-cli-dev/utils": "file:../../utils/utils"
      }
    },
    "../../utils/utils": {
      "version": "1.0.7",
      "license": "ISC"
    },
    "node_modules/@thj-cli-dev/utils": {
      "resolved": "../../utils/utils",
      "link": true
    }
  },
  "dependencies": {
    "@thj-cli-dev/utils": {
      "version": "file:../../utils/utils"
    }
  }
}
