{
  "name": "@thj-cli-dev/exec",
  "version": "1.0.0",
  "lockfileVersion": 2,
  "requires": true,
  "packages": {
    "": {
      "name": "@thj-cli-dev/exec",
      "version": "1.0.0",
      "license": "ISC",
      "dependencies": {
        "@thj-cli-dev/package": "file:../../models/package"
      }
    },
    "../../models/package": {
      "version": "1.0.0",
      "license": "ISC"
    },
    "node_modules/@thj-cli-dev/package": {
      "resolved": "../../models/package",
      "link": true
    }
  },
  "dependencies": {
    "@thj-cli-dev/package": {
      "version": "file:../../models/package"
    }
  }
}
