{
  "name": "@thj-cli-dev/exec",
  "version": "1.0.9",
  "lockfileVersion": 2,
  "requires": true,
  "packages": {
    "": {
      "name": "@thj-cli-dev/exec",
      "version": "1.0.9",
      "license": "ISC",
      "dependencies": {
        "@thj-cli-dev/log": "file:../../utils/log",
        "@thj-cli-dev/package": "file:../../models/package",
        "@thj-cli-dev/utils": "file:../../utils/utils"
      }
    },
    "../../models/package": {
      "name": "@thj-cli-dev/package",
      "version": "1.0.0",
      "license": "ISC"
    },
    "../../utils/log": {
      "name": "@thj-cli-dev/log",
      "version": "1.0.4",
      "license": "ISC",
      "dependencies": {
        "npmlog": "^6.0.2"
      }
    },
    "../../utils/utils": {
      "name": "@thj-cli-dev/utils",
      "version": "1.0.7",
      "license": "ISC"
    },
    "node_modules/@thj-cli-dev/log": {
      "resolved": "../../utils/log",
      "link": true
    },
    "node_modules/@thj-cli-dev/package": {
      "resolved": "../../models/package",
      "link": true
    },
    "node_modules/@thj-cli-dev/utils": {
      "resolved": "../../utils/utils",
      "link": true
    }
  },
  "dependencies": {
    "@thj-cli-dev/log": {
      "version": "file:../../utils/log",
      "requires": {
        "npmlog": "^6.0.2"
      }
    },
    "@thj-cli-dev/package": {
      "version": "file:../../models/package"
    },
    "@thj-cli-dev/utils": {
      "version": "file:../../utils/utils"
    }
  }
}
